
Microsoft Visual Studio Solution File, Format Version 12.00
Project("{2150E333-8FDC-42A3-9474-1A3956D46DE8}") = "src", "src", "{384B836A-0064-41D1-A9B2-E326B2C54DCE}"
EndProject
Project("{2150E333-8FDC-42A3-9474-1A3956D46DE8}") = "tests", "tests", "{ED40D664-FF53-4549-88D0-424D9C823686}"
	ProjectSection(SolutionItems) = preProject
		tests\Directory.Build.props = tests\Directory.Build.props
	EndProjectSection
EndProject
Project("{FAE04EC0-301F-11D3-BF4B-00C04F79EFBC}") = "WebApi", "src\WebApi\WebApi.csproj", "{1CE42B1A-D30C-4928-8200-EA380A0657F7}"
EndProject
Project("{FAE04EC0-301F-11D3-BF4B-00C04F79EFBC}") = "Domain", "src\Domain\Domain.csproj", "{486CEEE0-22AD-41A8-9AE4-3C0A80765CB5}"
EndProject
Project("{FAE04EC0-301F-11D3-BF4B-00C04F79EFBC}") = "Infrastructure", "src\Infrastructure\Infrastructure.csproj", "{9309C077-F322-46F2-AC65-19E04B635F33}"
EndProject
Project("{2150E333-8FDC-42A3-9474-1A3956D46DE8}") = "Solution Items", "Solution Items", "{698B3AE6-4F5A-4A61-84A9-CF89D919308F}"
	ProjectSection(SolutionItems) = preProject
		.gitignore = .gitignore
	EndProjectSection
EndProject
Project("{FAE04EC0-301F-11D3-BF4B-00C04F79EFBC}") = "E2ETests", "tests\E2ETests\E2ETests.csproj", "{D9E26590-4496-48F3-B16E-AD7630F21ECB}"
EndProject
Project("{FAE04EC0-301F-11D3-BF4B-00C04F79EFBC}") = "IntegrationTests", "tests\IntegrationTests\IntegrationTests.csproj", "{3F91378F-5FA9-4A0C-BE79-236AF173B800}"
EndProject
Project("{FAE04EC0-301F-11D3-BF4B-00C04F79EFBC}") = "UnitTests", "tests\UnitTests\UnitTests.csproj", "{B9B78E0D-946A-44CF-A115-2148243D80C6}"
EndProject
Global
	GlobalSection(SolutionConfigurationPlatforms) = preSolution
		Debug|Any CPU = Debug|Any CPU
		Release|Any CPU = Release|Any CPU
	EndGlobalSection
	GlobalSection(ProjectConfigurationPlatforms) = postSolution
		{1CE42B1A-D30C-4928-8200-EA380A0657F7}.Debug|Any CPU.ActiveCfg = Debug|Any CPU
		{1CE42B1A-D30C-4928-8200-EA380A0657F7}.Debug|Any CPU.Build.0 = Debug|Any CPU
		{1CE42B1A-D30C-4928-8200-EA380A0657F7}.Release|Any CPU.ActiveCfg = Release|Any CPU
		{1CE42B1A-D30C-4928-8200-EA380A0657F7}.Release|Any CPU.Build.0 = Release|Any CPU
		{486CEEE0-22AD-41A8-9AE4-3C0A80765CB5}.Debug|Any CPU.ActiveCfg = Debug|Any CPU
		{486CEEE0-22AD-41A8-9AE4-3C0A80765CB5}.Debug|Any CPU.Build.0 = Debug|Any CPU
		{486CEEE0-22AD-41A8-9AE4-3C0A80765CB5}.Release|Any CPU.ActiveCfg = Release|Any CPU
		{486CEEE0-22AD-41A8-9AE4-3C0A80765CB5}.Release|Any CPU.Build.0 = Release|Any CPU
		{9309C077-F322-46F2-AC65-19E04B635F33}.Debug|Any CPU.ActiveCfg = Debug|Any CPU
		{9309C077-F322-46F2-AC65-19E04B635F33}.Debug|Any CPU.Build.0 = Debug|Any CPU
		{9309C077-F322-46F2-AC65-19E04B635F33}.Release|Any CPU.ActiveCfg = Release|Any CPU
		{9309C077-F322-46F2-AC65-19E04B635F33}.Release|Any CPU.Build.0 = Release|Any CPU
		{D9E26590-4496-48F3-B16E-AD7630F21ECB}.Debug|Any CPU.ActiveCfg = Debug|Any CPU
		{D9E26590-4496-48F3-B16E-AD7630F21ECB}.Debug|Any CPU.Build.0 = Debug|Any CPU
		{D9E26590-4496-48F3-B16E-AD7630F21ECB}.Release|Any CPU.ActiveCfg = Release|Any CPU
		{D9E26590-4496-48F3-B16E-AD7630F21ECB}.Release|Any CPU.Build.0 = Release|Any CPU
		{3F91378F-5FA9-4A0C-BE79-236AF173B800}.Debug|Any CPU.ActiveCfg = Debug|Any CPU
		{3F91378F-5FA9-4A0C-BE79-236AF173B800}.Debug|Any CPU.Build.0 = Debug|Any CPU
		{3F91378F-5FA9-4A0C-BE79-236AF173B800}.Release|Any CPU.ActiveCfg = Release|Any CPU
		{3F91378F-5FA9-4A0C-BE79-236AF173B800}.Release|Any CPU.Build.0 = Release|Any CPU
		{B9B78E0D-946A-44CF-A115-2148243D80C6}.Debug|Any CPU.ActiveCfg = Debug|Any CPU
		{B9B78E0D-946A-44CF-A115-2148243D80C6}.Debug|Any CPU.Build.0 = Debug|Any CPU
		{B9B78E0D-946A-44CF-A115-2148243D80C6}.Release|Any CPU.ActiveCfg = Release|Any CPU
		{B9B78E0D-946A-44CF-A115-2148243D80C6}.Release|Any CPU.Build.0 = Release|Any CPU
	EndGlobalSection
	GlobalSection(NestedProjects) = preSolution
		{1CE42B1A-D30C-4928-8200-EA380A0657F7} = {384B836A-0064-41D1-A9B2-E326B2C54DCE}
		{486CEEE0-22AD-41A8-9AE4-3C0A80765CB5} = {384B836A-0064-41D1-A9B2-E326B2C54DCE}
		{9309C077-F322-46F2-AC65-19E04B635F33} = {384B836A-0064-41D1-A9B2-E326B2C54DCE}
		{D9E26590-4496-48F3-B16E-AD7630F21ECB} = {ED40D664-FF53-4549-88D0-424D9C823686}
		{3F91378F-5FA9-4A0C-BE79-236AF173B800} = {ED40D664-FF53-4549-88D0-424D9C823686}
		{B9B78E0D-946A-44CF-A115-2148243D80C6} = {ED40D664-FF53-4549-88D0-424D9C823686}
	EndGlobalSection
EndGlobal
